
Microsoft Visual Studio Solution File, Format Version 12.00
# Visual Studio 15
VisualStudioVersion = 15.0.27703.2026
MinimumVisualStudioVersion = 10.0.40219.1
Project("{FAE04EC0-301F-11D3-BF4B-00C04F79EFBC}") = "SocialSecurity.Auth", "SocialSecurity.Auth\SocialSecurity.Auth.csproj", "{0D8029A4-4151-4891-B732-99AC9CA2A44A}"
EndProject
Project("{FAE04EC0-301F-11D3-BF4B-00C04F79EFBC}") = "SocialSecurity.Domain", "SocialSecurity.Domain\SocialSecurity.Domain.csproj", "{31C0E0AC-284A-42DD-BBB9-1FAE8AF7EB65}"
EndProject
Project("{FAE04EC0-301F-11D3-BF4B-00C04F79EFBC}") = "SocialSecurity.Data", "SocialSecurity.Data\SocialSecurity.Data.csproj", "{F95DD44B-FEBA-4D55-A62E-993B4395EA71}"
EndProject
Global
	GlobalSection(SolutionConfigurationPlatforms) = preSolution
		Debug|Any CPU = Debug|Any CPU
		Release|Any CPU = Release|Any CPU
	EndGlobalSection
	GlobalSection(ProjectConfigurationPlatforms) = postSolution
		{0D8029A4-4151-4891-B732-99AC9CA2A44A}.Debug|Any CPU.ActiveCfg = Debug|Any CPU
		{0D8029A4-4151-4891-B732-99AC9CA2A44A}.Debug|Any CPU.Build.0 = Debug|Any CPU
		{0D8029A4-4151-4891-B732-99AC9CA2A44A}.Release|Any CPU.ActiveCfg = Release|Any CPU
		{0D8029A4-4151-4891-B732-99AC9CA2A44A}.Release|Any CPU.Build.0 = Release|Any CPU
		{31C0E0AC-284A-42DD-BBB9-1FAE8AF7EB65}.Debug|Any CPU.ActiveCfg = Debug|Any CPU
		{31C0E0AC-284A-42DD-BBB9-1FAE8AF7EB65}.Debug|Any CPU.Build.0 = Debug|Any CPU
		{31C0E0AC-284A-42DD-BBB9-1FAE8AF7EB65}.Release|Any CPU.ActiveCfg = Release|Any CPU
		{31C0E0AC-284A-42DD-BBB9-1FAE8AF7EB65}.Release|Any CPU.Build.0 = Release|Any CPU
		{F95DD44B-FEBA-4D55-A62E-993B4395EA71}.Debug|Any CPU.ActiveCfg = Debug|Any CPU
		{F95DD44B-FEBA-4D55-A62E-993B4395EA71}.Debug|Any CPU.Build.0 = Debug|Any CPU
		{F95DD44B-FEBA-4D55-A62E-993B4395EA71}.Release|Any CPU.ActiveCfg = Release|Any CPU
		{F95DD44B-FEBA-4D55-A62E-993B4395EA71}.Release|Any CPU.Build.0 = Release|Any CPU
	EndGlobalSection
	GlobalSection(SolutionProperties) = preSolution
		HideSolutionNode = FALSE
	EndGlobalSection
	GlobalSection(ExtensibilityGlobals) = postSolution
		SolutionGuid = {D4826578-C01E-483B-882E-300FF41A344E}
	EndGlobalSection
EndGlobal
